{
    "name": "shared",
    "version": "1.0.0",
    "lockfileVersion": 3,
    "requires": true,
    "packages": {
        "": {
            "name": "shared",
            "version": "1.0.0",
            "license": "ISC",
            "dependencies": {
                "bezier-easing": "^2.1.0",
                "currency-codes": "^2.2.0",
                "i18n-iso-countries": "^7.14.0",
                "string-similarity": "^4.0.4",
                "zod": "^3.25.62"
            },
            "devDependencies": {
                "@types/string-similarity": "^4.0.2",
                "prettier": "^3.6.2"
            }
        },
        "node_modules/@types/string-similarity": {
            "version": "4.0.2",
            "resolved": "https://registry.npmjs.org/@types/string-similarity/-/string-similarity-4.0.2.tgz",
            "integrity": "sha512-LkJQ/jsXtCVMK+sKYAmX/8zEq+/46f1PTQw7YtmQwb74jemS1SlNLmARM2Zml9DgdDTWKAtc5L13WorpHPDjDA==",
            "dev": true,
            "license": "MIT"
        },
        "node_modules/bezier-easing": {
            "version": "2.1.0",
            "resolved": "https://registry.npmjs.org/bezier-easing/-/bezier-easing-2.1.0.tgz",
            "integrity": "sha512-gbIqZ/eslnUFC1tjEvtz0sgx+xTK20wDnYMIA27VA04R7w6xxXQPZDbibjA9DTWZRA2CXtwHykkVzlCaAJAZig==",
            "license": "MIT"
        },
        "node_modules/currency-codes": {
            "version": "2.2.0",
            "resolved": "https://registry.npmjs.org/currency-codes/-/currency-codes-2.2.0.tgz",
            "integrity": "sha512-vpbQc5sEYHGdTVAYUhHnKv0DWiYLRvzl/KKyqeHzBh7HD/j3UlWoScpZ9tN/jG6w2feddWoObsBbaNVu5yDapg==",
            "license": "MIT",
            "dependencies": {
                "first-match": "~0.0.1",
                "nub": "~0.0.0"
            }
        },
        "node_modules/diacritics": {
            "version": "1.3.0",
            "resolved": "https://registry.npmjs.org/diacritics/-/diacritics-1.3.0.tgz",
            "integrity": "sha512-wlwEkqcsaxvPJML+rDh/2iS824jbREk6DUMUKkEaSlxdYHeS43cClJtsWglvw2RfeXGm6ohKDqsXteJ5sP5enA==",
            "license": "MIT"
        },
        "node_modules/first-match": {
            "version": "0.0.1",
            "resolved": "https://registry.npmjs.org/first-match/-/first-match-0.0.1.tgz",
            "integrity": "sha512-VvKbnaxrC0polTFDC+teKPTdl2mn6B/KUW+WB3C9RzKDeNwbzfLdnUz3FxC+tnjvus6bI0jWrWicQyVIPdS37A==",
            "license": "MIT"
        },
        "node_modules/i18n-iso-countries": {
            "version": "7.14.0",
            "resolved": "https://registry.npmjs.org/i18n-iso-countries/-/i18n-iso-countries-7.14.0.tgz",
            "integrity": "sha512-nXHJZYtNrfsi1UQbyRqm3Gou431elgLjKl//CYlnBGt5aTWdRPH1PiS2T/p/n8Q8LnqYqzQJik3Q7mkwvLokeg==",
            "license": "MIT",
            "dependencies": {
                "diacritics": "1.3.0"
            },
            "engines": {
                "node": ">= 12"
            }
        },
        "node_modules/nub": {
            "version": "0.0.0",
            "resolved": "https://registry.npmjs.org/nub/-/nub-0.0.0.tgz",
            "integrity": "sha512-dK0Ss9C34R/vV0FfYJXuqDAqHlaW9fvWVufq9MmGF2umCuDbd5GRfRD9fpi/LiM0l4ZXf8IBB+RYmZExqCrf0w==",
            "license": "MIT/X11",
            "engines": {
                "node": "*"
            }
        },
        "node_modules/prettier": {
            "version": "3.6.2",
            "resolved": "https://registry.npmjs.org/prettier/-/prettier-3.6.2.tgz",
            "integrity": "sha512-I7AIg5boAr5R0FFtJ6rCfD+LFsWHp81dolrFD8S79U9tb8Az2nGrJncnMSnys+bpQJfRUzqs9hnA81OAA3hCuQ==",
            "dev": true,
            "license": "MIT",
            "bin": {
                "prettier": "bin/prettier.cjs"
            },
            "engines": {
                "node": ">=14"
            },
            "funding": {
                "url": "https://github.com/prettier/prettier?sponsor=1"
            }
        },
        "node_modules/string-similarity": {
            "version": "4.0.4",
            "resolved": "https://registry.npmjs.org/string-similarity/-/string-similarity-4.0.4.tgz",
            "integrity": "sha512-/q/8Q4Bl4ZKAPjj8WerIBJWALKkaPRfrvhfF8k/B23i4nzrlRj2/go1m90In7nG/3XDSbOo0+pu6RvCTM9RGMQ==",
            "deprecated": "Package no longer supported. Contact Support at https://www.npmjs.com/support for more info.",
            "license": "ISC"
        },
        "node_modules/zod": {
            "version": "3.25.62",
            "resolved": "https://registry.npmjs.org/zod/-/zod-3.25.62.tgz",
            "integrity": "sha512-YCxsr4DmhPcrKPC9R1oBHQNlQzlJEyPAId//qTau/vBee9uO8K6prmRq4eMkOyxvBfH4wDPIPdLx9HVMWIY3xA==",
            "license": "MIT",
            "funding": {
                "url": "https://github.com/sponsors/colinhacks"
            }
        }
    }
}
